{
    "_meta": {
        "hash": {
            "sha256": "54ca97ee9e676584aa70b3c8bfce18ef9aca1e973a764fa64e6eea629379ca18"
        },
        "pipfile-spec": 6,
        "requires": {
            "python_version": "3.6"
        },
        "sources": [
            {
                "name": "pypi",
                "url": "https://pypi.org/simple",
                "verify_ssl": true
            }
        ]
    },
    "default": {
        "aniso8601": {
            "hashes": [
                "sha256:1d2b7ef82963909e93c4f24ce48d4de9e66009a21bf1c1e1c85bdd0812fe412f",
                "sha256:72e3117667eedf66951bb2d93f4296a56b94b078a8a95905a052611fb3f1b973"
            ],
            "version": "==9.0.1"
        },
        "click": {
            "hashes": [
                "sha256:d2b5255c7c6349bc1bd1e59e08cd12acbbd63ce649f2588755783aa94dfb6b1a",
                "sha256:dacca89f4bfadd5de3d7489b7c8a566eee0d3676333fbb50030263894c38c0dc"
            ],
            "version": "==7.1.2"
        },
        "flask": {
            "hashes": [
                "sha256:4efa1ae2d7c9865af48986de8aeb8504bf32c7f3d6fdc9353d34b21f4b127060",
                "sha256:8a4fdd8936eba2512e9c85df320a37e694c93945b33ef33c89946a340a238557"
            ],
            "version": "==1.1.2"
        },
        "flask-cors": {
            "hashes": [
                "sha256:6bcfc100288c5d1bcb1dbb854babd59beee622ffd321e444b05f24d6d58466b8",
                "sha256:cee4480aaee421ed029eaa788f4049e3e26d15b5affb6a880dade6bafad38324"
            ],
            "index": "pypi",
            "version": "==3.0.9"
        },
        "flask-restful": {
            "hashes": [
                "sha256:ecd620c5cc29f663627f99e04f17d1f16d095c83dc1d618426e2ad68b03092f8",
                "sha256:f8240ec12349afe8df1db168ea7c336c4e5b0271a36982bff7394f93275f2ca9"
            ],
            "index": "pypi",
            "version": "==0.3.7"
        },
        "itsdangerous": {
            "hashes": [
                "sha256:321b033d07f2a4136d3ec762eac9f16a10ccd60f53c0c91af90217ace7ba1f19",
                "sha256:b12271b2047cb23eeb98c8b5622e2e5c5e9abd9784a153e9d8ef9cb4dd09d749"
            ],
            "version": "==1.1.0"
        },
        "jinja2": {
            "hashes": [
                "sha256:065c4f02ebe7f7cf559e49ee5a95fb800a9e4528727aec6f24402a5374c65013",
                "sha256:14dd6caf1527abb21f08f86c784eac40853ba93edb79552aa1e4b8aef1b61c7b"
            ],
            "index": "pypi",
            "version": "==2.10.1"
        },
        "joblib": {
            "hashes": [
                "sha256:9c17567692206d2f3fb9ecf5e991084254fe631665c450b443761c4186a613f7",
                "sha256:feeb1ec69c4d45129954f1b7034954241eedfd6ba39b5e9e4b6883be3332d5e5"
            ],
            "version": "==1.0.1"
        },
        "llvmlite": {
            "hashes": [
                "sha256:048a7c117641c9be87b90005684e64a6f33ea0897ebab1df8a01214a10d6e79a",
                "sha256:05f807209a360d39526d98141b6f281b9c7c771c77a4d1fc22002440642c8de2",
                "sha256:1ce5bc0a638d874a08d4222be0a7e48e5df305d094c2ff8dec525ef32b581551",
                "sha256:1dee416ea49fd338c74ec15c0c013e5273b0961528169af06ff90772614f7f6c",
                "sha256:3b17fc4b0dd17bd29d7297d054e2915fad535889907c3f65232ee21f483447c5",
                "sha256:50b1828bde514b31431b2bba1aa20b387f5625b81ad6e12fede430a04645e47a",
                "sha256:5a6548b4899facb182145147185e9166c69826fb424895f227e6b7cf924a8da1",
                "sha256:6a3abc8a8889aeb06bf9c4a7e5df5bc7bb1aa0aedd91a599813809abeec80b5a",
                "sha256:705f0323d931684428bb3451549603299bb5e17dd60fb979d67c3807de0debc1",
                "sha256:765128fdf5f149ed0b889ffbe2b05eb1717f8e20a5c87fa2b4018fbcce0fcfc9",
                "sha256:7768658646c418b9b3beccb7044277a608bc8c62b82a85e73c7e5c065e4157c2",
                "sha256:7c4e7066447305d5095d0b0a9cae7b835d2f0fde143456b3124110eab0856426",
                "sha256:7db4b0eef93125af1c4092c64a3c73c7dc904101117ef53f8d78a1a499b8d5f4",
                "sha256:9dad7e4bb042492914292aea3f4172eca84db731f9478250240955aedba95e08",
                "sha256:b3a77e46e6053e2a86e607e87b97651dda81e619febb914824a927bff4e88737",
                "sha256:cc0f9b9644b4ab0e4a5edb17f1531d791630c88858220d3cc688d6edf10da100",
                "sha256:d1fdd63c371626c25ad834e1c6297eb76cf2f093a40dbb401a87b6476ab4e34e",
                "sha256:dbedff0f6d417b374253a6bab39aa4b5364f1caab30c06ba8726904776fcf1cb",
                "sha256:f608bae781b2d343e15e080c546468c5a6f35f57f0446923ea198dd21f23757e",
                "sha256:f7918dbac02b1ebbfd7302ad8e8307d7877ab57d782d5f04b70ff9696b53c21b",
                "sha256:ff52fb9c2be66b95b0e67d56fce11038397e5be1ea410ee53f5f1175fdbb107a"
            ],
            "version": "==0.36.0"
        },
        "markupsafe": {
            "hashes": [
                "sha256:00bc623926325b26bb9605ae9eae8a215691f33cae5df11ca5424f06f2d1f473",
                "sha256:09027a7803a62ca78792ad89403b1b7a73a01c8cb65909cd876f7fcebd79b161",
                "sha256:09c4b7f37d6c648cb13f9230d847adf22f8171b1ccc4d5682398e77f40309235",
                "sha256:1027c282dad077d0bae18be6794e6b6b8c91d58ed8a8d89a89d59693b9131db5",
                "sha256:13d3144e1e340870b25e7b10b98d779608c02016d5184cfb9927a9f10c689f42",
                "sha256:195d7d2c4fbb0ee8139a6cf67194f3973a6b3042d742ebe0a9ed36d8b6f0c07f",
                "sha256:22c178a091fc6630d0d045bdb5992d2dfe14e3259760e713c490da5323866c39",
                "sha256:24982cc2533820871eba85ba648cd53d8623687ff11cbb805be4ff7b4c971aff",
                "sha256:29872e92839765e546828bb7754a68c418d927cd064fd4708fab9fe9c8bb116b",
                "sha256:2beec1e0de6924ea551859edb9e7679da6e4870d32cb766240ce17e0a0ba2014",
                "sha256:3b8a6499709d29c2e2399569d96719a1b21dcd94410a586a18526b143ec8470f",
                "sha256:43a55c2930bbc139570ac2452adf3d70cdbb3cfe5912c71cdce1c2c6bbd9c5d1",
                "sha256:46c99d2de99945ec5cb54f23c8cd5689f6d7177305ebff350a58ce5f8de1669e",
                "sha256:500d4957e52ddc3351cabf489e79c91c17f6e0899158447047588650b5e69183",
                "sha256:535f6fc4d397c1563d08b88e485c3496cf5784e927af890fb3c3aac7f933ec66",
                "sha256:596510de112c685489095da617b5bcbbac7dd6384aeebeda4df6025d0256a81b",
                "sha256:62fe6c95e3ec8a7fad637b7f3d372c15ec1caa01ab47926cfdf7a75b40e0eac1",
                "sha256:6788b695d50a51edb699cb55e35487e430fa21f1ed838122d722e0ff0ac5ba15",
                "sha256:6dd73240d2af64df90aa7c4e7481e23825ea70af4b4922f8ede5b9e35f78a3b1",
                "sha256:6f1e273a344928347c1290119b493a1f0303c52f5a5eae5f16d74f48c15d4a85",
                "sha256:6fffc775d90dcc9aed1b89219549b329a9250d918fd0b8fa8d93d154918422e1",
                "sha256:717ba8fe3ae9cc0006d7c451f0bb265ee07739daf76355d06366154ee68d221e",
                "sha256:79855e1c5b8da654cf486b830bd42c06e8780cea587384cf6545b7d9ac013a0b",
                "sha256:7c1699dfe0cf8ff607dbdcc1e9b9af1755371f92a68f706051cc8c37d447c905",
                "sha256:7fed13866cf14bba33e7176717346713881f56d9d2bcebab207f7a036f41b850",
                "sha256:84dee80c15f1b560d55bcfe6d47b27d070b4681c699c572af2e3c7cc90a3b8e0",
                "sha256:88e5fcfb52ee7b911e8bb6d6aa2fd21fbecc674eadd44118a9cc3863f938e735",
                "sha256:8defac2f2ccd6805ebf65f5eeb132adcf2ab57aa11fdf4c0dd5169a004710e7d",
                "sha256:98bae9582248d6cf62321dcb52aaf5d9adf0bad3b40582925ef7c7f0ed85fceb",
                "sha256:98c7086708b163d425c67c7a91bad6e466bb99d797aa64f965e9d25c12111a5e",
                "sha256:9add70b36c5666a2ed02b43b335fe19002ee5235efd4b8a89bfcf9005bebac0d",
                "sha256:9bf40443012702a1d2070043cb6291650a0841ece432556f784f004937f0f32c",
                "sha256:a6a744282b7718a2a62d2ed9d993cad6f5f585605ad352c11de459f4108df0a1",
                "sha256:acf08ac40292838b3cbbb06cfe9b2cb9ec78fce8baca31ddb87aaac2e2dc3bc2",
                "sha256:ade5e387d2ad0d7ebf59146cc00c8044acbd863725f887353a10df825fc8ae21",
                "sha256:b00c1de48212e4cc9603895652c5c410df699856a2853135b3967591e4beebc2",
                "sha256:b1282f8c00509d99fef04d8ba936b156d419be841854fe901d8ae224c59f0be5",
                "sha256:b1dba4527182c95a0db8b6060cc98ac49b9e2f5e64320e2b56e47cb2831978c7",
                "sha256:b2051432115498d3562c084a49bba65d97cf251f5a331c64a12ee7e04dacc51b",
                "sha256:b7d644ddb4dbd407d31ffb699f1d140bc35478da613b441c582aeb7c43838dd8",
                "sha256:ba59edeaa2fc6114428f1637ffff42da1e311e29382d81b339c1817d37ec93c6",
                "sha256:bf5aa3cbcfdf57fa2ee9cd1822c862ef23037f5c832ad09cfea57fa846dec193",
                "sha256:c8716a48d94b06bb3b2524c2b77e055fb313aeb4ea620c8dd03a105574ba704f",
                "sha256:caabedc8323f1e93231b52fc32bdcde6db817623d33e100708d9a68e1f53b26b",
                "sha256:cd5df75523866410809ca100dc9681e301e3c27567cf498077e8551b6d20e42f",
                "sha256:cdb132fc825c38e1aeec2c8aa9338310d29d337bebbd7baa06889d09a60a1fa2",
                "sha256:d53bc011414228441014aa71dbec320c66468c1030aae3a6e29778a3382d96e5",
                "sha256:d73a845f227b0bfe8a7455ee623525ee656a9e2e749e4742706d80a6065d5e2c",
                "sha256:d9be0ba6c527163cbed5e0857c451fcd092ce83947944d6c14bc95441203f032",
                "sha256:e249096428b3ae81b08327a63a485ad0878de3fb939049038579ac0ef61e17e7",
                "sha256:e8313f01ba26fbbe36c7be1966a7b7424942f670f38e666995b88d012765b9be",
                "sha256:feb7b34d6325451ef96bc0e36e1a6c0c1c64bc1fbec4b854f4529e51887b1621"
            ],
            "version": "==1.1.1"
        },
        "numba": {
            "hashes": [
                "sha256:0c30c953ee112e715fc5e2bb8c56066e93d8cbca773b644d118ed5676b572254",
                "sha256:2058ff305a249da33e63fcde134922faf13f8e67039824fe697e2c38449e3770",
                "sha256:2b6263eae272f9ba3bdccc09b3eee9ad5296574c3fd12d9e84df711cacb75cc4",
                "sha256:43634cb511cb9a4a237913f4d5ba6fa66648773537867519ab4480e593d45c0c",
                "sha256:57b8956f1700a8a52afad3a3599a020f534cef380047eb2e50b0613d0cf426e5",
                "sha256:5aa968474104a0efa84475bf96e98667efd7f28db69ffd9f26bb249b5a2388a6",
                "sha256:5fa11b49534df4768bf9477c905083aab216ef4d3b26c29ab84019f6e4b32120",
                "sha256:60cd6bed5c3101bd9bdbe623dd148b400d84955e8535a192e36960df6c384e5c",
                "sha256:616e66e838568a55d9111527c59d4844616fcc4c41b7cbad79788f2d426351ca",
                "sha256:6d7d1add0b09c3811db3cae6cea4269d69d518a0c4631733a1196638bd86a029",
                "sha256:97104beeadb70b22d02041cb2a67743146093242ee5028766d702df7dd585c8a",
                "sha256:9a47935d2418b907733a0f29d8b53960bfe18477e2739dc243b7fc43227e25c1",
                "sha256:a6f8f0321062135debaedf52a8299a22ca6b09dcf75fa87d27777b59103e31d5",
                "sha256:ba50a422738e84d9ba788d9f35921dfb6001b53d0a22efb6f6772db8e1a87000",
                "sha256:c92c59db56ba9f19f4ea613ad8ddd631c70019c0cbc999f27f1a3804cb2a67e9",
                "sha256:d16b3c1b602f777bc1f9ef2c3f2ba27b2869a6880572ada1975f45ca7d5fd7d6",
                "sha256:dce26e0be17e77be22ccae2b8844adfca28561fc264ea22c7cf4bc10711839df",
                "sha256:ddf55bf85b2a82a8abd08e2c76509aeaa2f8ad3d61f3997952f72d8d51d62606",
                "sha256:df89943b39c46984f4ec11f6e0b9eef75a4b4c61bbd0ca187b490d9ec648830d",
                "sha256:ec8ff5f889cac5085b123a94c450c9ba27b6fe995881682e9f404a589a9b291d",
                "sha256:f74049b13a3a13cdb7229e418bb79aad11373b051cbc6c42721af7dbb949423b"
            ],
            "index": "pypi",
            "version": "==0.44.1"
        },
        "numpy": {
            "hashes": [
                "sha256:1980f8d84548d74921685f68096911585fee393975f53797614b34d4f409b6da",
                "sha256:22752cd809272671b273bb86df0f505f505a12368a3a5fc0aa811c7ece4dfd5c",
                "sha256:23cc40313036cffd5d1873ef3ce2e949bdee0646c5d6f375bf7ee4f368db2511",
                "sha256:2b0b118ff547fecabc247a2668f48f48b3b1f7d63676ebc5be7352a5fd9e85a5",
                "sha256:3a0bd1edf64f6a911427b608a894111f9fcdb25284f724016f34a84c9a3a6ea9",
                "sha256:3f25f6c7b0d000017e5ac55977a3999b0b1a74491eacb3c1aa716f0e01f6dcd1",
                "sha256:4061c79ac2230594a7419151028e808239450e676c39e58302ad296232e3c2e8",
                "sha256:560ceaa24f971ab37dede7ba030fc5d8fa173305d94365f814d9523ffd5d5916",
                "sha256:62be044cd58da2a947b7e7b2252a10b42920df9520fc3d39f5c4c70d5460b8ba",
                "sha256:6c692e3879dde0b67a9dc78f9bfb6f61c666b4562fd8619632d7043fb5b691b0",
                "sha256:6f65e37b5a331df950ef6ff03bd4136b3c0bbcf44d4b8e99135d68a537711b5a",
                "sha256:7a78cc4ddb253a55971115f8320a7ce28fd23a065fc33166d601f51760eecfa9",
                "sha256:80a41edf64a3626e729a62df7dd278474fc1726836552b67a8c6396fd7e86760",
                "sha256:893f4d75255f25a7b8516feb5766c6b63c54780323b9bd4bc51cdd7efc943c73",
                "sha256:972ea92f9c1b54cc1c1a3d8508e326c0114aaf0f34996772a30f3f52b73b942f",
                "sha256:9f1d4865436f794accdabadc57a8395bd3faa755449b4f65b88b7df65ae05f89",
                "sha256:9f4cd7832b35e736b739be03b55875706c8c3e5fe334a06210f1a61e5c2c8ca5",
                "sha256:adab43bf657488300d3aeeb8030d7f024fcc86e3a9b8848741ea2ea903e56610",
                "sha256:bd2834d496ba9b1bdda3a6cf3de4dc0d4a0e7be306335940402ec95132ad063d",
                "sha256:d20c0360940f30003a23c0adae2fe50a0a04f3e48dc05c298493b51fd6280197",
                "sha256:d3b3ed87061d2314ff3659bb73896e622252da52558f2380f12c421fbdee3d89",
                "sha256:dc235bf29a406dfda5790d01b998a1c01d7d37f449128c0b1b7d1c89a84fae8b",
                "sha256:fb3c83554f39f48f3fa3123b9c24aecf681b1c289f9334f8215c1d3c8e2f6e5b"
            ],
            "index": "pypi",
            "version": "==1.16.2"
        },
        "opencv-python": {
            "hashes": [
                "sha256:01ed8f83c1bc804995120825c729af9926bcc1dedbe85316ba4b5f81ed5e7287",
                "sha256:4d79b43434bef9ccb9921138d00c7f7d5dc8079cffe5d3765287e5b8275e0386",
                "sha256:51b32439bd85dcc3f520ef9de777f2c694b846d1d4344321e7bf090bffa62dc3",
                "sha256:55b8bd89a176cb0819b65d9df65900a6e4e95919579dedc34e10eaaf46c0f6a2",
                "sha256:5b6afc7f74e28c09f78886f0cffa67efc2b46542e439f0a045020a954c69e829",
                "sha256:6f8ec97c537b408d99d2cfbc9e929054e0bdecadda4c224ec2b21e18fcf48a06",
                "sha256:70012caadf2018575f15330bcf1d7659d0231580de5c146178154e420e9bef66",
                "sha256:7066dbceb01bd721515a583cc64485c594293a574d6b0925aca341c2accae520",
                "sha256:81cc092cade08093eeb48f2cdf8c1a1d5e0cc90d197403a721f6935f71d75e61",
                "sha256:8ecf3e50d7c5de510b71f5af33017a99b8bd476fbb70f464f6cc76a81bd2ff60",
                "sha256:97d2d77e0955404cf61d9a62e85bd8718108b11fc5a69d542bd7a7e2eb30990d",
                "sha256:98f12aff879895de6821289d538322d6b6d297ccfb71343056f3443f6d5c8c16",
                "sha256:9acea43d03440e7a0bd9a9ad599394382a529d49ec6995414797645acfc3e629",
                "sha256:a2e1bd69324e6d58b2c6932ca78c2ecb88dec8b2a3d31536e104623cafbc5b89",
                "sha256:a4feed61a55263a3af6bd17338a1712274c9dc775fe765ed706c706ab4a09ceb",
                "sha256:a72224ba58c7704ce8fc260ca65cfe7444d165362179f97d713234adc7f52b0e",
                "sha256:ae6f1aaa64d3b9a82792669e5be04d2544ce8c2e4a71ecfac09e0a4ed7b60908",
                "sha256:bfd358891a882cb08733e7edd1e76ea008520858de60cec185dce26530c0a36f",
                "sha256:c0d515ceb8231fa6565112d8c2490d2007656b7eb0c52d82b81708ac8412e426",
                "sha256:c86b42f12c602f815062f30c8583da702691a67920f5ea7607f1c796e6f153be",
                "sha256:d3c116b9502c657456fac22b3dad3be8701ef92f7ced2822a13121d167263057",
                "sha256:d477594c956dfbe6688323a9a06d5b3c6d3940c4b15bef7ce4f30d25f7837f1a",
                "sha256:d7626191eac985db4fda1db9cafb6428be614dd9ce3b6f5a83fdb93f1086980b",
                "sha256:db5632dfec289e69bddccbc39faf3cf1f5a840ed4ba3c1288ef3e21f68077722",
                "sha256:e50c73547a3e80d986db19b2cad3507bc7a5b4236f0071952aba80e0409c4806",
                "sha256:edbdded658021747a4235f178b91361d17b82031859db20731a963b8dafcab67",
                "sha256:f4afa2fd9d5c2ac25fc023babf6967f07e9143ce4fe73ebdcdc69a580f99b052"
            ],
            "index": "pypi",
            "version": "==4.0.0.21"
        },
        "pydicom": {
            "hashes": [
                "sha256:585b0a81843dd021a9baa97d955aa99b2b6aac9b46beff4c4bdc2e3cbda621c8",
                "sha256:ee3a94de180c6337e1443ce346730a784f9027f56175f61ba4dfda632693b843"
            ],
            "index": "pypi",
            "version": "==1.3.0"
        },
        "pynrrd": {
            "hashes": [
                "sha256:204804837186b428f5be37bc0d00e2a53571e77dfdc95e73800a3ff4b787629a",
                "sha256:5c7d8b04e0e22aa2916829b91375076f89ecc5317a4c08b364cfd2f556bf018c"
            ],
            "index": "pypi",
            "version": "==0.4.0"
        },
        "pytz": {
            "hashes": [
                "sha256:83a4a90894bf38e243cf052c8b58f381bfe9a7a483f6a9cab140bc7f702ac4da",
                "sha256:eb10ce3e7736052ed3623d49975ce333bcd712c7bb19a58b9e2089d4057d0798"
            ],
            "version": "==2021.1"
        },
        "scikit-learn": {
            "hashes": [
                "sha256:038f4e9d6ef10e1f3fe82addc3a14735c299866eb10f2c77c090410904828312",
                "sha256:06ffdcaaf81e2a3b1b50c3ac6842cfb13df2d8b737d61f64643ed61da7389cde",
                "sha256:0e71ce9c7cbc20f6f8b860107ce15114da26e8675238b4b82b7e7cd37ca0c087",
                "sha256:1eec963fe9ffc827442c2e9333227c4d49749a44e592f305398c1db5c1563393",
                "sha256:2754c85b2287333f9719db7f23fb7e357f436deed512db3417a02bf6f2830aa5",
                "sha256:2db429090b98045d71218a9ba913cc9b3fe78e0ba0b6b647d8748bc6d5a44080",
                "sha256:39b7e3b71bcb1fe46397185d6c1a5db1c441e71c23c91a31e7ad8cc3f7305f9a",
                "sha256:3cbd734e1aefc7c5080e6b6973fe062f97c26a1cdf1a991037ca196ce1c8f427",
                "sha256:40556bea1ef26ef54bc678d00cf138a63069144a0b5f3a436eecd8f3468b903e",
                "sha256:48f273836e19901ba2beecd919f7b352f09310ce67c762f6e53bc6b81cacf1f0",
                "sha256:49ec0b1361da328da9bb7f1a162836028e72556356adeb53342f8fae6b450d47",
                "sha256:4e6198675a6f9d333774671bd536668680eea78e2e81c0b19e57224f58d17f37",
                "sha256:5beaeb091071625e83f5905192d8aecde65ba2f26f8b6719845bbf586f7a04a1",
                "sha256:5ff3e4e4cf7592d36541edec434e09fb8ab9ba6b47608c4ffe30c9038d301897",
                "sha256:62214d2954377fcf3f31ec867dd4e436df80121e7a32947a0b3244f58f45e455",
                "sha256:7be1b88c23cfac46e06404582215a917017cd2edaa2e4d40abe6aaff5458f24b",
                "sha256:8fac72b9688176922f9f54fda1ba5f7ffd28cbeb9aad282760186e8ceba9139a",
                "sha256:90a297330f608adeb4d2e9786c6fda395d3150739deb3d42a86d9a4c2d15bc1d",
                "sha256:a2a47449093dcf70babc930beba2ca0423cb7df2fa5fd76be5260703d67fa574",
                "sha256:ae19ac105cf7ce8c205a46166992fdec88081d6e783ab6e38ecfbe45729f3c39",
                "sha256:ae426e3a52842c6b6d77d00f906b6031c8c2cfdfabd6af7511bb4bc9a68d720e",
                "sha256:cbdb0b3db99dd1d5f69d31b4234367d55475add31df4d84a3bd690ef017b55e2",
                "sha256:cdf24c1b9bbeb4936456b42ac5bd32c60bb194a344951acb6bfb0cddee5439a4",
                "sha256:d14701a12417930392cd3898e9646cf5670c190b933625ebe7511b1f7d7b8736",
                "sha256:d177fe1ff47cc235942d628d41ee5b1c6930d8f009f1a451c39b5411e8d0d4cf",
                "sha256:d5bf9c863ba4717b3917b5227463ee06860fc43931dc9026747de416c0a10fee",
                "sha256:dd968a174aa82f3341a615a033fa6a8169e9320cbb46130686562db132d7f1f0",
                "sha256:f0ed4483c258fb23150e31b91ea7d25ff8495dba108aea0b0d4206a777705350",
                "sha256:f18c3ed484eeeaa43a0d45dc2efb4d00fc6542ccdcfa2c45d7b635096a2ae534",
                "sha256:f1d2108e770907540b5248977e4cff9ffaf0f73d0d13445ee938df06ca7579c6",
                "sha256:f3ec00f023d84526381ad0c0f2cff982852d035c921bbf8ceb994f4886c00c64",
                "sha256:f74429a07fedb36a03c159332b914e6de757176064f9fed94b5f79ebac07d913",
                "sha256:fec42690a2eb646b384eafb021c425fab48991587edb412d4db77acc358b27ce"
            ],
            "version": "==0.24.2"
        },
        "scipy": {
            "hashes": [
                "sha256:168c45c0c32e23f613db7c9e4e780bc61982d71dcd406ead746c7c7c2f2004ce",
                "sha256:213bc59191da2f479984ad4ec39406bf949a99aba70e9237b916ce7547b6ef42",
                "sha256:25b241034215247481f53355e05f9e25462682b13bd9191359075682adcd9554",
                "sha256:2c872de0c69ed20fb1a9b9cf6f77298b04a26f0b8720a5457be08be254366c6e",
                "sha256:3397c129b479846d7eaa18f999369a24322d008fac0782e7828fa567358c36ce",
                "sha256:368c0f69f93186309e1b4beb8e26d51dd6f5010b79264c0f1e9ca00cd92ea8c9",
                "sha256:3d5db5d815370c28d938cf9b0809dade4acf7aba57eaf7ef733bfedc9b2474c4",
                "sha256:4598cf03136067000855d6b44d7a1f4f46994164bcd450fb2c3d481afc25dd06",
                "sha256:4a453d5e5689de62e5d38edf40af3f17560bfd63c9c5bd228c18c1f99afa155b",
                "sha256:4f12d13ffbc16e988fa40809cbbd7a8b45bc05ff6ea0ba8e3e41f6f4db3a9e47",
                "sha256:634568a3018bc16a83cda28d4f7aed0d803dd5618facb36e977e53b2df868443",
                "sha256:65923bc3809524e46fb7eb4d6346552cbb6a1ffc41be748535aa502a2e3d3389",
                "sha256:6b0ceb23560f46dd236a8ad4378fc40bad1783e997604ba845e131d6c680963e",
                "sha256:8c8d6ca19c8497344b810b0b0344f8375af5f6bb9c98bd42e33f747417ab3f57",
                "sha256:9ad4fcddcbf5dc67619379782e6aeef41218a79e17979aaed01ed099876c0e62",
                "sha256:a254b98dbcc744c723a838c03b74a8a34c0558c9ac5c86d5561703362231107d",
                "sha256:b03c4338d6d3d299e8ca494194c0ae4f611548da59e3c038813f1a43976cb437",
                "sha256:cc1f78ebc982cd0602c9a7615d878396bec94908db67d4ecddca864d049112f2",
                "sha256:d6d25c41a009e3c6b7e757338948d0076ee1dd1770d1c09ec131f11946883c54",
                "sha256:d84cadd7d7998433334c99fa55bcba0d8b4aeff0edb123b2a1dfcface538e474",
                "sha256:e360cb2299028d0b0d0f65a5c5e51fc16a335f1603aa2357c25766c8dab56938",
                "sha256:e98d49a5717369d8241d6cf33ecb0ca72deee392414118198a8e5b4c35c56340",
                "sha256:ed572470af2438b526ea574ff8f05e7f39b44ac37f712105e57fc4d53a6fb660",
                "sha256:f87b39f4d69cf7d7529d7b1098cb712033b17ea7714aed831b95628f483fd012",
                "sha256:fa789583fc94a7689b45834453fec095245c7e69c58561dc159b5d5277057e4c"
            ],
            "version": "==1.5.4"
        },
        "six": {
            "hashes": [
                "sha256:1e61c37477a1626458e36f7b1d82aa5c9b094fa4802892072e49de9c60c4c926",
                "sha256:8abb2f1d86890a2dfb989f9a77cfcfd3e47c2a354b01111771326f8aa26e0254"
            ],
            "version": "==1.16.0"
        },
        "sklearn": {
            "hashes": [
                "sha256:e23001573aa194b834122d2b9562459bf5ae494a2d59ca6b8aa22c85a44c0e31"
            ],
            "index": "pypi",
            "version": "==0.0"
        },
        "threadpoolctl": {
            "hashes": [
                "sha256:38b74ca20ff3bb42caca8b00055111d74159ee95c4370882bbff2b93d24da725",
                "sha256:ddc57c96a38beb63db45d6c159b5ab07b6bced12c45a1f07b2b92f272aebfa6b"
            ],
            "version": "==2.1.0"
        },
        "uwsgi": {
            "hashes": [
                "sha256:4972ac538800fb2d421027f49b4a1869b66048839507ccf0aa2fda792d99f583"
            ],
            "index": "pypi",
            "version": "==2.0.18"
        },
        "werkzeug": {
            "hashes": [
                "sha256:2de2a5db0baeae7b2d2664949077c2ac63fbd16d98da0ff71837f7d1dea3fd43",
                "sha256:6c80b1e5ad3665290ea39320b91e1be1e0d5f60652b964a3070216de83d2e47c"
            ],
            "version": "==1.0.1"
        }
    },
    "develop": {}
}
